{
  "nodes": {
    "nix-flatpak": {
      "locked": {
        "lastModified": 1767983141,
        "narHash": "sha256-7ZCulYUD9RmJIDULTRkGLSW1faMpDlPKcbWJLYHoXcs=",
        "owner": "gmodena",
        "repo": "nix-flatpak",
        "rev": "440818969ac2cbd77bfe025e884d0aa528991374",
        "type": "github"
      },
      "original": {
        "owner": "gmodena",
        "ref": "latest",
        "repo": "nix-flatpak",
        "type": "github"
      }
    },
    "nix-index-database": {
      "inputs": {
        "nixpkgs": [
          "nixpkgs"
        ]
      },
      "locked": {
        "lastModified": 1780816331,
        "narHash": "sha256-0BYqs8yKWkOz2Q7+SP18N5E5gmDKSo6LSxIVIa0wWes=",
        "owner": "nix-community",
        "repo": "nix-index-database",
        "rev": "1a2ea89c917781e88508d9fd2b507f2d2a0e173c",
        "type": "github"
      },
      "original": {
        "owner": "nix-community",
        "repo": "nix-index-database",
        "type": "github"
      }
    },
    "nixpkgs": {
      "locked": {
        "lastModified": 1780243769,
        "narHash": "sha256-x5UQuRsH3MqI0U9afaXSNqzTPSeZlRLvFAav2Ux1pNw=",
        "owner": "nixos",
        "repo": "nixpkgs",
        "rev": "331800de5053fcebacf6813adb5db9c9dca22a0c",
        "type": "github"
      },
      "original": {
        "owner": "nixos",
        "ref": "nixos-unstable",
        "repo": "nixpkgs",
        "type": "github"
      }
    },
    "nixpkgs-stable": {
      "locked": {
        "lastModified": 1780511130,
        "narHash": "sha256-2v9lT4ya59Lh1FqPeLnz1MoX9y/wz2huqfe9RtQZITk=",
        "owner": "nixos",
        "repo": "nixpkgs",
        "rev": "535f3e6942cb1cead3929c604320d3db54b542b9",
        "type": "github"
      },
      "original": {
        "owner": "nixos",
        "ref": "nixos-25.11",
        "repo": "nixpkgs",
        "type": "github"
      }
    },
    "nixpkgs_2": {
      "locked": {
        "lastModified": 1776877367,
        "narHash": "sha256-EHq1/OX139R1RvBzOJ0aMRT3xnWyqtHBRUBuO1gFzjI=",
        "owner": "nixos",
        "repo": "nixpkgs",
        "rev": "0726a0ecb6d4e08f6adced58726b95db924cef57",
        "type": "github"
      },
      "original": {
        "owner": "nixos",
        "ref": "nixos-unstable",
        "repo": "nixpkgs",
        "type": "github"
      }
    },
    "pmenu-git": {
      "inputs": {
        "nixpkgs": "nixpkgs_2"
      },
      "locked": {
        "lastModified": 1781281116,
        "narHash": "sha256-57w2rfeRlHbH1xRvKkdpYQBM6mfbkTN1HTooTLWJs8c=",
        "owner": "PhreshBrread",
        "repo": "pmenu",
        "rev": "b362d4105088f5edcb721fd4508f28b58a9c93af",
        "type": "github"
      },
      "original": {
        "owner": "PhreshBrread",
        "ref": "dev",
        "repo": "pmenu",
        "type": "github"
      }
    },
    "root": {
      "inputs": {
        "nix-flatpak": "nix-flatpak",
        "nix-index-database": "nix-index-database",
        "nixpkgs": "nixpkgs",
        "nixpkgs-stable": "nixpkgs-stable",
        "pmenu-git": "pmenu-git"
      }
    }
  },
  "root": "root",
  "version": 7
}
